Microsoft Visual Studio Solution File, Format Version 8.00
Project("{8BC9CEB8-8B4A-11D0-8D11-00A0C91BC942}") = "wxSLADE", "wxSLADE.vcproj", "{31C53E38-FFD0-4B9E-96FE-FCFE16637D61}"
	ProjectSection(ProjectDependencies) = postProject
	EndProjectSection
EndProject
Global
	GlobalSection(SolutionConfiguration) = preSolution
		Debug = Debug
		Release = Release
	EndGlobalSection
	GlobalSection(ProjectConfiguration) = postSolution
		{31C53E38-FFD0-4B9E-96FE-FCFE16637D61}.Debug.ActiveCfg = Debug|Win32
		{31C53E38-FFD0-4B9E-96FE-FCFE16637D61}.Debug.Build.0 = Debug|Win32
		{31C53E38-FFD0-4B9E-96FE-FCFE16637D61}.Release.ActiveCfg = Release|Win32
		{31C53E38-FFD0-4B9E-96FE-FCFE16637D61}.Release.Build.0 = Release|Win32
	EndGlobalSection
	GlobalSection(ExtensibilityGlobals) = postSolution
	EndGlobalSection
	GlobalSection(ExtensibilityAddIns) = postSolution
	EndGlobalSection
EndGlobal
