<?xml version="1.0" encoding="UTF-8" standalone="yes" ?>
<CodeBlocks_project_file>
	<FileVersion major="1" minor="6" />
	<Project>
		<Option title="SLADE" />
		<Option pch_mode="2" />
		<Option compiler="gcc" />
		<Option virtualFolders="Dialogs/;General/;Main Editor/;Main Editor/UI Elements/;Main Editor/UI Elements/ArchivePanel/;Main Editor/UI Elements/EntryPanel/;Main Editor/UI Elements/ZipArchivePanel/;Map Editor/;Map Editor/SLADEMap/;Map Editor/UI Elements/;Resources/;Resources/Archive/;Resources/Image/;Resources/Palette/;Resources/Texture/;Resource/;UI Elements/;Resource/Archive/;Resource/Texture/;Resource/Palette/;Resource/Image/;" />
		<Build>
			<Target title="Debug">
				<Option output="../bin/Debug/SLADE" prefix_auto="1" extension_auto="1" />
				<Option object_output="../obj/Debug" />
				<Option type="0" />
				<Option compiler="gcc" />
				<Option projectLinkerOptionsRelation="2" />
				<Compiler>
					<Add option="-g" />
				</Compiler>
			</Target>
			<Target title="Release">
				<Option output="../bin/Release/SLADE" prefix_auto="1" extension_auto="1" />
				<Option object_output="../obj/Release" />
				<Option type="0" />
				<Option compiler="gcc" />
				<Option projectLinkerOptionsRelation="2" />
				<Compiler>
					<Add option="-O2" />
				</Compiler>
				<Linker>
					<Add option="-s" />
				</Linker>
			</Target>
		</Build>
		<Compiler>
			<Add option="-Wall" />
			<Add option="`wx-config --cflags std,gl,aui`" />
		</Compiler>
		<Linker>
			<Add option="`wx-config --libs std,gl,aui,stc`" />
			<Add library="freeimage" />
		</Linker>
		<Unit filename="../src/Archive.cpp">
			<Option virtualFolder="Resource/Archive/" />
		</Unit>
		<Unit filename="../src/Archive.h">
			<Option virtualFolder="Resource/Archive/" />
		</Unit>
		<Unit filename="../src/ArchiveEntry.cpp">
			<Option virtualFolder="Resource/Archive/" />
		</Unit>
		<Unit filename="../src/ArchiveEntry.h">
			<Option virtualFolder="Resource/Archive/" />
		</Unit>
		<Unit filename="../src/ArchiveManager.cpp">
			<Option virtualFolder="Resource/Archive/" />
		</Unit>
		<Unit filename="../src/ArchiveManager.h">
			<Option virtualFolder="Resource/Archive/" />
		</Unit>
		<Unit filename="../src/ArchiveManagerPanel.cpp">
			<Option virtualFolder="Main Editor/UI Elements/" />
		</Unit>
		<Unit filename="../src/ArchiveManagerPanel.h">
			<Option virtualFolder="Main Editor/UI Elements/" />
		</Unit>
		<Unit filename="../src/ArchivePanel.cpp">
			<Option virtualFolder="Main Editor/UI Elements/ArchivePanel/" />
		</Unit>
		<Unit filename="../src/ArchivePanel.h">
			<Option virtualFolder="Main Editor/UI Elements/ArchivePanel/" />
		</Unit>
		<Unit filename="../src/CTexture.cpp">
			<Option virtualFolder="Resource/Texture/" />
		</Unit>
		<Unit filename="../src/CTexture.h">
			<Option virtualFolder="Resource/Texture/" />
		</Unit>
		<Unit filename="../src/CTextureCanvas.cpp">
			<Option virtualFolder="UI Elements/" />
		</Unit>
		<Unit filename="../src/CTextureCanvas.h">
			<Option virtualFolder="UI Elements/" />
		</Unit>
		<Unit filename="../src/CVar.cpp">
			<Option virtualFolder="General/" />
		</Unit>
		<Unit filename="../src/CVar.h">
			<Option virtualFolder="General/" />
		</Unit>
		<Unit filename="../src/Clipboard.cpp">
			<Option virtualFolder="General/" />
		</Unit>
		<Unit filename="../src/Clipboard.h">
			<Option virtualFolder="General/" />
		</Unit>
		<Unit filename="../src/ColourBox.cpp">
			<Option virtualFolder="UI Elements/" />
		</Unit>
		<Unit filename="../src/ColourBox.h">
			<Option virtualFolder="UI Elements/" />
		</Unit>
		<Unit filename="../src/Console.cpp">
			<Option virtualFolder="General/" />
		</Unit>
		<Unit filename="../src/Console.h">
			<Option virtualFolder="General/" />
		</Unit>
		<Unit filename="../src/ConsolePanel.cpp">
			<Option virtualFolder="Main Editor/UI Elements/" />
		</Unit>
		<Unit filename="../src/ConsolePanel.h">
			<Option virtualFolder="Main Editor/UI Elements/" />
		</Unit>
		<Unit filename="../src/DefaultEntryPanel.cpp">
			<Option virtualFolder="Main Editor/UI Elements/EntryPanel/" />
		</Unit>
		<Unit filename="../src/DefaultEntryPanel.h">
			<Option virtualFolder="Main Editor/UI Elements/EntryPanel/" />
		</Unit>
		<Unit filename="../src/EntryListPanel.cpp">
			<Option virtualFolder="Main Editor/UI Elements/ArchivePanel/" />
		</Unit>
		<Unit filename="../src/EntryListPanel.h">
			<Option virtualFolder="Main Editor/UI Elements/ArchivePanel/" />
		</Unit>
		<Unit filename="../src/EntryOperations.cpp">
			<Option virtualFolder="Main Editor/" />
		</Unit>
		<Unit filename="../src/EntryOperations.h">
			<Option virtualFolder="Main Editor/" />
		</Unit>
		<Unit filename="../src/EntryPanel.cpp">
			<Option virtualFolder="Main Editor/UI Elements/EntryPanel/" />
		</Unit>
		<Unit filename="../src/EntryPanel.h">
			<Option virtualFolder="Main Editor/UI Elements/EntryPanel/" />
		</Unit>
		<Unit filename="../src/GfxCanvas.cpp">
			<Option virtualFolder="UI Elements/" />
		</Unit>
		<Unit filename="../src/GfxCanvas.h">
			<Option virtualFolder="UI Elements/" />
		</Unit>
		<Unit filename="../src/GfxConvDialog.cpp">
			<Option virtualFolder="Dialogs/" />
		</Unit>
		<Unit filename="../src/GfxConvDialog.h">
			<Option virtualFolder="Dialogs/" />
		</Unit>
		<Unit filename="../src/GfxEntryPanel.cpp">
			<Option virtualFolder="Main Editor/UI Elements/EntryPanel/" />
		</Unit>
		<Unit filename="../src/GfxEntryPanel.h">
			<Option virtualFolder="Main Editor/UI Elements/EntryPanel/" />
		</Unit>
		<Unit filename="../src/Icons.cpp">
			<Option virtualFolder="Resource/" />
		</Unit>
		<Unit filename="../src/Icons.h">
			<Option virtualFolder="Resource/" />
		</Unit>
		<Unit filename="../src/ListView.cpp">
			<Option virtualFolder="UI Elements/" />
		</Unit>
		<Unit filename="../src/ListView.h">
			<Option virtualFolder="UI Elements/" />
		</Unit>
		<Unit filename="../src/ListenerAnnouncer.cpp">
			<Option virtualFolder="General/" />
		</Unit>
		<Unit filename="../src/ListenerAnnouncer.h">
			<Option virtualFolder="General/" />
		</Unit>
		<Unit filename="../src/Main.h">
			<Option virtualFolder="General/" />
		</Unit>
		<Unit filename="../src/MainApp.cpp">
			<Option virtualFolder="General/" />
		</Unit>
		<Unit filename="../src/MainApp.h">
			<Option virtualFolder="General/" />
		</Unit>
		<Unit filename="../src/MainWindow.cpp">
			<Option virtualFolder="Main Editor/" />
		</Unit>
		<Unit filename="../src/MainWindow.h">
			<Option virtualFolder="Main Editor/" />
		</Unit>
		<Unit filename="../src/MapCanvas.cpp">
			<Option virtualFolder="Map Editor/UI Elements/" />
		</Unit>
		<Unit filename="../src/MapCanvas.h">
			<Option virtualFolder="Map Editor/UI Elements/" />
		</Unit>
		<Unit filename="../src/MapEditorWindow.cpp">
			<Option virtualFolder="Map Editor/" />
		</Unit>
		<Unit filename="../src/MapEditorWindow.h">
			<Option virtualFolder="Map Editor/" />
		</Unit>
		<Unit filename="../src/MapLine.cpp">
			<Option virtualFolder="Map Editor/SLADEMap/" />
		</Unit>
		<Unit filename="../src/MapLine.h">
			<Option virtualFolder="Map Editor/SLADEMap/" />
		</Unit>
		<Unit filename="../src/MapSector.cpp">
			<Option virtualFolder="Map Editor/SLADEMap/" />
		</Unit>
		<Unit filename="../src/MapSector.h">
			<Option virtualFolder="Map Editor/SLADEMap/" />
		</Unit>
		<Unit filename="../src/MapSide.cpp">
			<Option virtualFolder="Map Editor/SLADEMap/" />
		</Unit>
		<Unit filename="../src/MapSide.h">
			<Option virtualFolder="Map Editor/SLADEMap/" />
		</Unit>
		<Unit filename="../src/MapThing.cpp">
			<Option virtualFolder="Map Editor/SLADEMap/" />
		</Unit>
		<Unit filename="../src/MapThing.h">
			<Option virtualFolder="Map Editor/SLADEMap/" />
		</Unit>
		<Unit filename="../src/MapVertex.cpp">
			<Option virtualFolder="Map Editor/SLADEMap/" />
		</Unit>
		<Unit filename="../src/MapVertex.h">
			<Option virtualFolder="Map Editor/SLADEMap/" />
		</Unit>
		<Unit filename="../src/MemChunk.cpp">
			<Option virtualFolder="General/" />
		</Unit>
		<Unit filename="../src/MemChunk.h">
			<Option virtualFolder="General/" />
		</Unit>
		<Unit filename="../src/Misc.cpp">
			<Option virtualFolder="General/" />
		</Unit>
		<Unit filename="../src/Misc.h">
			<Option virtualFolder="General/" />
		</Unit>
		<Unit filename="../src/ModifyOffsetsDialog.cpp">
			<Option virtualFolder="Dialogs/" />
		</Unit>
		<Unit filename="../src/ModifyOffsetsDialog.h">
			<Option virtualFolder="Dialogs/" />
		</Unit>
		<Unit filename="../src/MultiEntryPanel.cpp">
			<Option virtualFolder="Main Editor/UI Elements/EntryPanel/" />
		</Unit>
		<Unit filename="../src/MultiEntryPanel.h">
			<Option virtualFolder="Main Editor/UI Elements/EntryPanel/" />
		</Unit>
		<Unit filename="../src/OGLCanvas.cpp">
			<Option virtualFolder="UI Elements/" />
		</Unit>
		<Unit filename="../src/OGLCanvas.h">
			<Option virtualFolder="UI Elements/" />
		</Unit>
		<Unit filename="../src/Palette.cpp">
			<Option virtualFolder="Resource/Palette/" />
		</Unit>
		<Unit filename="../src/Palette.h">
			<Option virtualFolder="Resource/Palette/" />
		</Unit>
		<Unit filename="../src/PaletteCanvas.cpp">
			<Option virtualFolder="UI Elements/" />
		</Unit>
		<Unit filename="../src/PaletteCanvas.h">
			<Option virtualFolder="UI Elements/" />
		</Unit>
		<Unit filename="../src/PaletteChooser.cpp">
			<Option virtualFolder="UI Elements/" />
		</Unit>
		<Unit filename="../src/PaletteChooser.h">
			<Option virtualFolder="UI Elements/" />
		</Unit>
		<Unit filename="../src/PaletteDialog.cpp">
			<Option virtualFolder="Dialogs/" />
		</Unit>
		<Unit filename="../src/PaletteDialog.h">
			<Option virtualFolder="Dialogs/" />
		</Unit>
		<Unit filename="../src/PaletteEntryPanel.cpp">
			<Option virtualFolder="Main Editor/UI Elements/EntryPanel/" />
		</Unit>
		<Unit filename="../src/PaletteEntryPanel.h">
			<Option virtualFolder="Main Editor/UI Elements/EntryPanel/" />
		</Unit>
		<Unit filename="../src/PaletteManager.cpp">
			<Option virtualFolder="Resource/Palette/" />
		</Unit>
		<Unit filename="../src/PaletteManager.h">
			<Option virtualFolder="Resource/Palette/" />
		</Unit>
		<Unit filename="../src/SImage.cpp">
			<Option virtualFolder="Resource/Image/" />
		</Unit>
		<Unit filename="../src/SImage.h">
			<Option virtualFolder="Resource/Image/" />
		</Unit>
		<Unit filename="../src/SLADEMap.cpp">
			<Option virtualFolder="Map Editor/SLADEMap/" />
		</Unit>
		<Unit filename="../src/SLADEMap.h">
			<Option virtualFolder="Map Editor/SLADEMap/" />
		</Unit>
		<Unit filename="../src/Structs.h">
			<Option virtualFolder="General/" />
		</Unit>
		<Unit filename="../src/TextEditor.cpp">
			<Option virtualFolder="Main Editor/UI Elements/" />
		</Unit>
		<Unit filename="../src/TextEditor.h">
			<Option virtualFolder="Main Editor/UI Elements/" />
		</Unit>
		<Unit filename="../src/TextEntryPanel.cpp">
			<Option virtualFolder="Main Editor/UI Elements/EntryPanel/" />
		</Unit>
		<Unit filename="../src/TextEntryPanel.h">
			<Option virtualFolder="Main Editor/UI Elements/EntryPanel/" />
		</Unit>
		<Unit filename="../src/TextureXEntryPanel.cpp">
			<Option virtualFolder="Main Editor/UI Elements/EntryPanel/" />
		</Unit>
		<Unit filename="../src/TextureXEntryPanel.h">
			<Option virtualFolder="Main Editor/UI Elements/EntryPanel/" />
		</Unit>
		<Unit filename="../src/Tokenizer.cpp">
			<Option virtualFolder="General/" />
		</Unit>
		<Unit filename="../src/Tokenizer.h">
			<Option virtualFolder="General/" />
		</Unit>
		<Unit filename="../src/WadArchive.cpp">
			<Option virtualFolder="Resource/Archive/" />
		</Unit>
		<Unit filename="../src/WadArchive.h">
			<Option virtualFolder="Resource/Archive/" />
		</Unit>
		<Unit filename="../src/WxStuff.cpp">
			<Option virtualFolder="General/" />
		</Unit>
		<Unit filename="../src/WxStuff.h">
			<Option virtualFolder="General/" />
		</Unit>
		<Unit filename="../src/ZipArchive.cpp">
			<Option virtualFolder="Resource/Archive/" />
		</Unit>
		<Unit filename="../src/ZipArchive.h">
			<Option virtualFolder="Resource/Archive/" />
		</Unit>
		<Unit filename="../src/ZipArchivePanel.cpp">
			<Option virtualFolder="Main Editor/UI Elements/ZipArchivePanel/" />
		</Unit>
		<Unit filename="../src/ZipArchivePanel.h">
			<Option virtualFolder="Main Editor/UI Elements/ZipArchivePanel/" />
		</Unit>
		<Unit filename="../src/ZipEntryListPanel.cpp">
			<Option virtualFolder="Main Editor/UI Elements/ZipArchivePanel/" />
		</Unit>
		<Unit filename="../src/ZipEntryListPanel.h">
			<Option virtualFolder="Main Editor/UI Elements/ZipArchivePanel/" />
		</Unit>
		<Extensions>
			<code_completion />
			<debugger />
			<envvars />
		</Extensions>
	</Project>
</CodeBlocks_project_file>
